{
    "name": "smartops-ai",
    "version": "1.0.0",
    "lockfileVersion": 1,
    "requires": true,
    "dependencies": {
        "@nestjs/throttler": {
            "version": "6.5.0",
            "resolved": "https://registry.npmjs.org/@nestjs/throttler/-/throttler-6.5.0.tgz",
            "integrity": "sha512-9j0ZRfH0QE1qyrj9JjIRDz5gQLPqq9yVC2nHsrosDVAfI5HHw08/aUAWx9DZLSdQf4HDkmhTTEGLrRFHENvchQ=="
        }
    }
}
