{
    "name": "@smartops/mobile",
    "version": "1.0.0",
    "lockfileVersion": 1,
    "requires": true,
    "dependencies": {
        "@react-native-async-storage/async-storage": {
            "version": "2.2.0",
            "resolved": "https://registry.npmjs.org/@react-native-async-storage/async-storage/-/async-storage-2.2.0.tgz",
            "integrity": "sha512-gvRvjR5JAaUZF8tv2Kcq/Gbt3JHwbKFYfmb445rhOj6NUMx3qPLixmDx5pZAyb9at1bYvJ4/eTUipU5aki45xw==",
            "requires": {
                "merge-options": "^3.0.4"
            }
        },
        "@types/uuid": {
            "version": "11.0.0",
            "resolved": "https://registry.npmjs.org/@types/uuid/-/uuid-11.0.0.tgz",
            "integrity": "sha512-HVyk8nj2m+jcFRNazzqyVKiZezyhDKrGUA3jlEcg/nZ6Ms+qHwocba1Y/AaVaznJTAM9xpdFSh+ptbNrhOGvZA==",
            "dev": true,
            "requires": {
                "uuid": "*"
            }
        },
        "is-plain-obj": {
            "version": "2.1.0",
            "resolved": "https://registry.npmjs.org/is-plain-obj/-/is-plain-obj-2.1.0.tgz",
            "integrity": "sha512-YWnfyRwxL/+SsrWYfOpUtz5b3YD+nyfkHvjbcanzk8zgyO4ASD67uVMRt8k5bM4lLMDnXfriRhOpemw+NfT1eA=="
        },
        "merge-options": {
            "version": "3.0.4",
            "resolved": "https://registry.npmjs.org/merge-options/-/merge-options-3.0.4.tgz",
            "integrity": "sha512-2Sug1+knBjkaMsMgf1ctR1Ujx+Ayku4EdJN4Z+C2+JzoeF7A3OZ9KM2GY0CpQS51NR61LTurMJrRKPhSs3ZRTQ==",
            "requires": {
                "is-plain-obj": "^2.1.0"
            }
        },
        "uuid": {
            "version": "13.0.0",
            "resolved": "https://registry.npmjs.org/uuid/-/uuid-13.0.0.tgz",
            "integrity": "sha512-XQegIaBTVUjSHliKqcnFqYypAd4S+WCYt5NIeRs6w/UAry7z8Y9j5ZwRRL4kzq9U3sD6v+85er9FvkEaBpji2w=="
        }
    }
}
