{
  "name": "@smartops/web",
  "version": "1.0.0",
  "lockfileVersion": 1,
  "requires": true,
  "dependencies": {
    "@adobe/css-tools": {
      "version": "4.4.4",
      "resolved": "https://registry.npmjs.org/@adobe/css-tools/-/css-tools-4.4.4.tgz",
      "integrity": "sha512-Elp+iwUx5rN5+Y8xLt5/GRoG20WGoDCQ/1Fb+1LiGtvwbDavuSk0jhD/eZdckHAuzcDzccnkv+rEjyWfRx18gg==",
      "dev": true
    },
    "@asamuzakjp/css-color": {
      "version": "3.2.0",
      "resolved": "https://registry.npmjs.org/@asamuzakjp/css-color/-/css-color-3.2.0.tgz",
      "integrity": "sha512-K1A6z8tS3XsmCMM86xoWdn7Fkdn9m6RSVtocUrJYIwZnFVkng/PvkEoWtOWmP+Scc6saYWHWZYbndEEXxl24jw==",
      "dev": true,
      "requires": {
        "@csstools/css-calc": "^2.1.3",
        "@csstools/css-color-parser": "^3.0.9",
        "@csstools/css-parser-algorithms": "^3.0.4",
        "@csstools/css-tokenizer": "^3.0.3",
        "lru-cache": "^10.4.3"
      }
    },
    "@babel/code-frame": {
      "version": "7.29.0",
      "resolved": "https://registry.npmjs.org/@babel/code-frame/-/code-frame-7.29.0.tgz",
      "integrity": "sha512-9NhCeYjq9+3uxgdtp20LSiJXJvN0FeCtNGpJxuMFZ1Kv3cWUNb6DOhJwUvcVCzKGR66cw4njwM6hrJLqgOwbcw==",
      "dev": true,
      "requires": {
        "@babel/helper-validator-identifier": "^7.28.5",
        "js-tokens": "^4.0.0",
        "picocolors": "^1.1.1"
      }
    },
    "@babel/helper-validator-identifier": {
      "version": "7.28.5",
      "resolved": "https://registry.npmjs.org/@babel/helper-validator-identifier/-/helper-validator-identifier-7.28.5.tgz",
      "integrity": "sha512-qSs4ifwzKJSV39ucNjsvc6WVHs6b7S03sOh2OcHF9UHfVPqWWALUsNUVzhSBiItjRZoLHx7nIarVjqKVusUZ1Q==",
      "dev": true
    },
    "@babel/runtime": {
      "version": "7.28.6",
      "resolved": "https://registry.npmjs.org/@babel/runtime/-/runtime-7.28.6.tgz",
      "integrity": "sha512-05WQkdpL9COIMz4LjTxGpPNCdlpyimKppYNoJ5Di5EUObifl8t4tuLuUBBZEpoLYOmfvIWrsp9fCl0HoPRVTdA==",
      "dev": true
    },
    "@csstools/color-helpers": {
      "version": "5.1.0",
      "resolved": "https://registry.npmjs.org/@csstools/color-helpers/-/color-helpers-5.1.0.tgz",
      "integrity": "sha512-S11EXWJyy0Mz5SYvRmY8nJYTFFd1LCNV+7cXyAgQtOOuzb4EsgfqDufL+9esx72/eLhsRdGZwaldu/h+E4t4BA==",
      "dev": true
    },
    "@csstools/css-calc": {
      "version": "2.1.4",
      "resolved": "https://registry.npmjs.org/@csstools/css-calc/-/css-calc-2.1.4.tgz",
      "integrity": "sha512-3N8oaj+0juUw/1H3YwmDDJXCgTB1gKU6Hc/bB502u9zR0q2vd786XJH9QfrKIEgFlZmhZiq6epXl4rHqhzsIgQ==",
      "dev": true
    },
    "@csstools/css-color-parser": {
      "version": "3.1.0",
      "resolved": "https://registry.npmjs.org/@csstools/css-color-parser/-/css-color-parser-3.1.0.tgz",
      "integrity": "sha512-nbtKwh3a6xNVIp/VRuXV64yTKnb1IjTAEEh3irzS+HkKjAOYLTGNb9pmVNntZ8iVBHcWDA2Dof0QtPgFI1BaTA==",
      "dev": true,
      "requires": {
        "@csstools/color-helpers": "^5.1.0",
        "@csstools/css-calc": "^2.1.4"
      }
    },
    "@csstools/css-parser-algorithms": {
      "version": "3.0.5",
      "resolved": "https://registry.npmjs.org/@csstools/css-parser-algorithms/-/css-parser-algorithms-3.0.5.tgz",
      "integrity": "sha512-DaDeUkXZKjdGhgYaHNJTV9pV7Y9B3b644jCLs9Upc3VeNGg6LWARAT6O+Q+/COo+2gg/bM5rhpMAtf70WqfBdQ==",
      "dev": true
    },
    "@csstools/css-tokenizer": {
      "version": "3.0.4",
      "resolved": "https://registry.npmjs.org/@csstools/css-tokenizer/-/css-tokenizer-3.0.4.tgz",
      "integrity": "sha512-Vd/9EVDiu6PPJt9yAh6roZP6El1xHrdvIVGjyBsHR0RYwNHgL7FJPyIIW4fANJNG6FtyZfvlRPpFI4ZM/lubvw==",
      "dev": true
    },
    "@jest/diff-sequences": {
      "version": "30.0.1",
      "resolved": "https://registry.npmjs.org/@jest/diff-sequences/-/diff-sequences-30.0.1.tgz",
      "integrity": "sha512-n5H8QLDJ47QqbCNn5SuFjCRDrOLEZ0h8vAHCK5RL9Ls7Xa8AQLa/YxAc9UjFqoEDM48muwtBGjtMY5cr0PLDCw==",
      "dev": true
    },
    "@jest/environment": {
      "version": "30.2.0",
      "resolved": "https://registry.npmjs.org/@jest/environment/-/environment-30.2.0.tgz",
      "integrity": "sha512-/QPTL7OBJQ5ac09UDRa3EQes4gt1FTEG/8jZ/4v5IVzx+Cv7dLxlVIvfvSVRiiX2drWyXeBjkMSR8hvOWSog5g==",
      "dev": true,
      "requires": {
        "@jest/fake-timers": "30.2.0",
        "@jest/types": "30.2.0",
        "@types/node": "*",
        "jest-mock": "30.2.0"
      },
      "dependencies": {
        "@types/node": {
          "version": "25.3.0",
          "resolved": "https://registry.npmjs.org/@types/node/-/node-25.3.0.tgz",
          "integrity": "sha512-4K3bqJpXpqfg2XKGK9bpDTc6xO/xoUP/RBWS7AtRMug6zZFaRekiLzjVtAoZMquxoAbzBvy5nxQ7veS5eYzf8A==",
          "dev": true,
          "requires": {
            "undici-types": "~7.18.0"
          }
        }
      }
    },
    "@jest/environment-jsdom-abstract": {
      "version": "30.2.0",
      "resolved": "https://registry.npmjs.org/@jest/environment-jsdom-abstract/-/environment-jsdom-abstract-30.2.0.tgz",
      "integrity": "sha512-kazxw2L9IPuZpQ0mEt9lu9Z98SqR74xcagANmMBU16X0lS23yPc0+S6hGLUz8kVRlomZEs/5S/Zlpqwf5yu6OQ==",
      "dev": true,
      "requires": {
        "@jest/environment": "30.2.0",
        "@jest/fake-timers": "30.2.0",
        "@jest/types": "30.2.0",
        "@types/jsdom": "^21.1.7",
        "@types/node": "*",
        "jest-mock": "30.2.0",
        "jest-util": "30.2.0"
      },
      "dependencies": {
        "@types/node": {
          "version": "25.3.0",
          "resolved": "https://registry.npmjs.org/@types/node/-/node-25.3.0.tgz",
          "integrity": "sha512-4K3bqJpXpqfg2XKGK9bpDTc6xO/xoUP/RBWS7AtRMug6zZFaRekiLzjVtAoZMquxoAbzBvy5nxQ7veS5eYzf8A==",
          "dev": true,
          "requires": {
            "undici-types": "~7.18.0"
          }
        }
      }
    },
    "@jest/expect-utils": {
      "version": "30.2.0",
      "resolved": "https://registry.npmjs.org/@jest/expect-utils/-/expect-utils-30.2.0.tgz",
      "integrity": "sha512-1JnRfhqpD8HGpOmQp180Fo9Zt69zNtC+9lR+kT7NVL05tNXIi+QC8Csz7lfidMoVLPD3FnOtcmp0CEFnxExGEA==",
      "dev": true,
      "requires": {
        "@jest/get-type": "30.1.0"
      }
    },
    "@jest/fake-timers": {
      "version": "30.2.0",
      "resolved": "https://registry.npmjs.org/@jest/fake-timers/-/fake-timers-30.2.0.tgz",
      "integrity": "sha512-HI3tRLjRxAbBy0VO8dqqm7Hb2mIa8d5bg/NJkyQcOk7V118ObQML8RC5luTF/Zsg4474a+gDvhce7eTnP4GhYw==",
      "dev": true,
      "requires": {
        "@jest/types": "30.2.0",
        "@sinonjs/fake-timers": "^13.0.0",
        "@types/node": "*",
        "jest-message-util": "30.2.0",
        "jest-mock": "30.2.0",
        "jest-util": "30.2.0"
      },
      "dependencies": {
        "@types/node": {
          "version": "25.3.0",
          "resolved": "https://registry.npmjs.org/@types/node/-/node-25.3.0.tgz",
          "integrity": "sha512-4K3bqJpXpqfg2XKGK9bpDTc6xO/xoUP/RBWS7AtRMug6zZFaRekiLzjVtAoZMquxoAbzBvy5nxQ7veS5eYzf8A==",
          "dev": true,
          "requires": {
            "undici-types": "~7.18.0"
          }
        }
      }
    },
    "@jest/get-type": {
      "version": "30.1.0",
      "resolved": "https://registry.npmjs.org/@jest/get-type/-/get-type-30.1.0.tgz",
      "integrity": "sha512-eMbZE2hUnx1WV0pmURZY9XoXPkUYjpc55mb0CrhtdWLtzMQPFvu/rZkTLZFTsdaVQa+Tr4eWAteqcUzoawq/uA==",
      "dev": true
    },
    "@jest/pattern": {
      "version": "30.0.1",
      "resolved": "https://registry.npmjs.org/@jest/pattern/-/pattern-30.0.1.tgz",
      "integrity": "sha512-gWp7NfQW27LaBQz3TITS8L7ZCQ0TLvtmI//4OwlQRx4rnWxcPNIYjxZpDcN4+UlGxgm3jS5QPz8IPTCkb59wZA==",
      "dev": true,
      "requires": {
        "@types/node": "*",
        "jest-regex-util": "30.0.1"
      },
      "dependencies": {
        "@types/node": {
          "version": "25.3.0",
          "resolved": "https://registry.npmjs.org/@types/node/-/node-25.3.0.tgz",
          "integrity": "sha512-4K3bqJpXpqfg2XKGK9bpDTc6xO/xoUP/RBWS7AtRMug6zZFaRekiLzjVtAoZMquxoAbzBvy5nxQ7veS5eYzf8A==",
          "dev": true,
          "requires": {
            "undici-types": "~7.18.0"
          }
        }
      }
    },
    "@jest/schemas": {
      "version": "30.0.5",
      "resolved": "https://registry.npmjs.org/@jest/schemas/-/schemas-30.0.5.tgz",
      "integrity": "sha512-DmdYgtezMkh3cpU8/1uyXakv3tJRcmcXxBOcO0tbaozPwpmh4YMsnWrQm9ZmZMfa5ocbxzbFk6O4bDPEc/iAnA==",
      "dev": true,
      "requires": {
        "@sinclair/typebox": "^0.34.0"
      }
    },
    "@jest/types": {
      "version": "30.2.0",
      "resolved": "https://registry.npmjs.org/@jest/types/-/types-30.2.0.tgz",
      "integrity": "sha512-H9xg1/sfVvyfU7o3zMfBEjQ1gcsdeTMgqHoYdN79tuLqfTtuu7WckRA1R5whDwOzxaZAeMKTYWqP+WCAi0CHsg==",
      "dev": true,
      "requires": {
        "@jest/pattern": "30.0.1",
        "@jest/schemas": "30.0.5",
        "@types/istanbul-lib-coverage": "^2.0.6",
        "@types/istanbul-reports": "^3.0.4",
        "@types/node": "*",
        "@types/yargs": "^17.0.33",
        "chalk": "^4.1.2"
      },
      "dependencies": {
        "@types/node": {
          "version": "25.3.0",
          "resolved": "https://registry.npmjs.org/@types/node/-/node-25.3.0.tgz",
          "integrity": "sha512-4K3bqJpXpqfg2XKGK9bpDTc6xO/xoUP/RBWS7AtRMug6zZFaRekiLzjVtAoZMquxoAbzBvy5nxQ7veS5eYzf8A==",
          "dev": true,
          "requires": {
            "undici-types": "~7.18.0"
          }
        }
      }
    },
    "@sinclair/typebox": {
      "version": "0.34.48",
      "resolved": "https://registry.npmjs.org/@sinclair/typebox/-/typebox-0.34.48.tgz",
      "integrity": "sha512-kKJTNuK3AQOrgjjotVxMrCn1sUJwM76wMszfq1kdU4uYVJjvEWuFQ6HgvLt4Xz3fSmZlTOxJ/Ie13KnIcWQXFA==",
      "dev": true
    },
    "@sinonjs/commons": {
      "version": "3.0.1",
      "resolved": "https://registry.npmjs.org/@sinonjs/commons/-/commons-3.0.1.tgz",
      "integrity": "sha512-K3mCHKQ9sVh8o1C9cxkwxaOmXoAMlDxC1mYyHrjqOWEcBjYr76t96zL2zlj5dUGZ3HSw240X1qgH3Mjf1yJWpQ==",
      "dev": true,
      "requires": {
        "type-detect": "4.0.8"
      }
    },
    "@sinonjs/fake-timers": {
      "version": "13.0.5",
      "resolved": "https://registry.npmjs.org/@sinonjs/fake-timers/-/fake-timers-13.0.5.tgz",
      "integrity": "sha512-36/hTbH2uaWuGVERyC6da9YwGWnzUZXuPro/F2LfsdOsLnCojz/iSH8MxUt/FD2S5XBSVPhmArFUXcpCQ2Hkiw==",
      "dev": true,
      "requires": {
        "@sinonjs/commons": "^3.0.1"
      }
    },
    "@socket.io/component-emitter": {
      "version": "3.1.2",
      "resolved": "https://registry.npmjs.org/@socket.io/component-emitter/-/component-emitter-3.1.2.tgz",
      "integrity": "sha512-9BCxFwvbGg/RsZK9tjXd8s4UcwR0MWeFQ1XEKIQVVvAGJyINdrqKMcTRyLoK8Rse1GjzLV9cwjWV1olXRWEXVA=="
    },
    "@testing-library/jest-dom": {
      "version": "6.9.1",
      "resolved": "https://registry.npmjs.org/@testing-library/jest-dom/-/jest-dom-6.9.1.tgz",
      "integrity": "sha512-zIcONa+hVtVSSep9UT3jZ5rizo2BsxgyDYU7WFD5eICBE7no3881HGeb/QkGfsJs6JTkY1aQhT7rIPC7e+0nnA==",
      "dev": true,
      "requires": {
        "@adobe/css-tools": "^4.4.0",
        "aria-query": "^5.0.0",
        "css.escape": "^1.5.1",
        "dom-accessibility-api": "^0.6.3",
        "picocolors": "^1.1.1",
        "redent": "^3.0.0"
      }
    },
    "@testing-library/react": {
      "version": "16.3.2",
      "resolved": "https://registry.npmjs.org/@testing-library/react/-/react-16.3.2.tgz",
      "integrity": "sha512-XU5/SytQM+ykqMnAnvB2umaJNIOsLF3PVv//1Ew4CTcpz0/BRyy/af40qqrt7SjKpDdT1saBMc42CUok5gaw+g==",
      "dev": true,
      "requires": {
        "@babel/runtime": "^7.12.5"
      }
    },
    "@testing-library/user-event": {
      "version": "14.6.1",
      "resolved": "https://registry.npmjs.org/@testing-library/user-event/-/user-event-14.6.1.tgz",
      "integrity": "sha512-vq7fv0rnt+QTXgPxr5Hjc210p6YKq2kmdziLgnsZGgLJ9e6VAShx1pACLuRjd/AS/sr7phAR58OIIpf0LlmQNw==",
      "dev": true
    },
    "@types/istanbul-lib-coverage": {
      "version": "2.0.6",
      "resolved": "https://registry.npmjs.org/@types/istanbul-lib-coverage/-/istanbul-lib-coverage-2.0.6.tgz",
      "integrity": "sha512-2QF/t/auWm0lsy8XtKVPG19v3sSOQlJe/YHZgfjb/KBBHOGSV+J2q/S671rcq9uTBrLAXmZpqJiaQbMT+zNU1w==",
      "dev": true
    },
    "@types/istanbul-lib-report": {
      "version": "3.0.3",
      "resolved": "https://registry.npmjs.org/@types/istanbul-lib-report/-/istanbul-lib-report-3.0.3.tgz",
      "integrity": "sha512-NQn7AHQnk/RSLOxrBbGyJM/aVQ+pjj5HCgasFxc0K/KhoATfQ/47AyUl15I2yBUpihjmas+a+VJBOqecrFH+uA==",
      "dev": true,
      "requires": {
        "@types/istanbul-lib-coverage": "*"
      }
    },
    "@types/istanbul-reports": {
      "version": "3.0.4",
      "resolved": "https://registry.npmjs.org/@types/istanbul-reports/-/istanbul-reports-3.0.4.tgz",
      "integrity": "sha512-pk2B1NWalF9toCRu6gjBzR69syFjP4Od8WRAX+0mmf9lAjCRicLOWc+ZrxZHx/0XRjotgkF9t6iaMJ+aXcOdZQ==",
      "dev": true,
      "requires": {
        "@types/istanbul-lib-report": "*"
      }
    },
    "@types/jest": {
      "version": "30.0.0",
      "resolved": "https://registry.npmjs.org/@types/jest/-/jest-30.0.0.tgz",
      "integrity": "sha512-XTYugzhuwqWjws0CVz8QpM36+T+Dz5mTEBKhNs/esGLnCIlGdRy+Dq78NRjd7ls7r8BC8ZRMOrKlkO1hU0JOwA==",
      "dev": true,
      "requires": {
        "expect": "^30.0.0",
        "pretty-format": "^30.0.0"
      }
    },
    "@types/jsdom": {
      "version": "21.1.7",
      "resolved": "https://registry.npmjs.org/@types/jsdom/-/jsdom-21.1.7.tgz",
      "integrity": "sha512-yOriVnggzrnQ3a9OKOCxaVuSug3w3/SbOj5i7VwXWZEyUNl3bLF9V3MfxGbZKuwqJOQyRfqXyROBB1CoZLFWzA==",
      "dev": true,
      "requires": {
        "@types/node": "*",
        "@types/tough-cookie": "*",
        "parse5": "^7.0.0"
      },
      "dependencies": {
        "@types/node": {
          "version": "25.3.0",
          "resolved": "https://registry.npmjs.org/@types/node/-/node-25.3.0.tgz",
          "integrity": "sha512-4K3bqJpXpqfg2XKGK9bpDTc6xO/xoUP/RBWS7AtRMug6zZFaRekiLzjVtAoZMquxoAbzBvy5nxQ7veS5eYzf8A==",
          "dev": true,
          "requires": {
            "undici-types": "~7.18.0"
          }
        }
      }
    },
    "@types/stack-utils": {
      "version": "2.0.3",
      "resolved": "https://registry.npmjs.org/@types/stack-utils/-/stack-utils-2.0.3.tgz",
      "integrity": "sha512-9aEbYZ3TbYMznPdcdr3SmIrLXwC/AKZXQeCf9Pgao5CKb8CyHuEX5jzWPTkvregvhRJHcpRO6BFoGW9ycaOkYw==",
      "dev": true
    },
    "@types/tough-cookie": {
      "version": "4.0.5",
      "resolved": "https://registry.npmjs.org/@types/tough-cookie/-/tough-cookie-4.0.5.tgz",
      "integrity": "sha512-/Ad8+nIOV7Rl++6f1BdKxFSMgmoqEoYbHRpPcx3JEfv8VRsQe9Z4mCXeJBzxs7mbHY/XOZZuXlRNfhpVPbs6ZA==",
      "dev": true
    },
    "@types/yargs": {
      "version": "17.0.35",
      "resolved": "https://registry.npmjs.org/@types/yargs/-/yargs-17.0.35.tgz",
      "integrity": "sha512-qUHkeCyQFxMXg79wQfTtfndEC+N9ZZg76HJftDJp+qH2tV7Gj4OJi7l+PiWwJ+pWtW8GwSmqsDj/oymhrTWXjg==",
      "dev": true,
      "requires": {
        "@types/yargs-parser": "*"
      }
    },
    "@types/yargs-parser": {
      "version": "21.0.3",
      "resolved": "https://registry.npmjs.org/@types/yargs-parser/-/yargs-parser-21.0.3.tgz",
      "integrity": "sha512-I4q9QU9MQv4oEOz4tAHJtNz1cwuLxn2F3xcc2iV5WdqLPpUnj30aUuxt1mAxYTG+oe8CZMV/+6rU4S4gRDzqtQ==",
      "dev": true
    },
    "agent-base": {
      "version": "7.1.4",
      "resolved": "https://registry.npmjs.org/agent-base/-/agent-base-7.1.4.tgz",
      "integrity": "sha512-MnA+YT8fwfJPgBx3m60MNqakm30XOkyIoH1y6huTQvC0PwZG7ki8NacLBcrPbNoo8vEZy7Jpuk7+jMO+CUovTQ==",
      "dev": true
    },
    "ansi-styles": {
      "version": "4.3.0",
      "resolved": "https://registry.npmjs.org/ansi-styles/-/ansi-styles-4.3.0.tgz",
      "integrity": "sha512-zbB9rCJAT1rbjiVDb2hqKFHNYLxgtk8NURxZ3IZwD3F6NtxbXZQCnnSi1Lkx+IDohdPlFp222wVALIheZJQSEg==",
      "dev": true,
      "requires": {
        "color-convert": "^2.0.1"
      }
    },
    "aria-query": {
      "version": "5.3.2",
      "resolved": "https://registry.npmjs.org/aria-query/-/aria-query-5.3.2.tgz",
      "integrity": "sha512-COROpnaoap1E2F000S62r6A60uHZnmlvomhfyT2DlTcrY1OrBKn2UhH7qn5wTC9zMvD0AY7csdPSNwKP+7WiQw==",
      "dev": true
    },
    "braces": {
      "version": "3.0.3",
      "resolved": "https://registry.npmjs.org/braces/-/braces-3.0.3.tgz",
      "integrity": "sha512-yQbXgO/OSZVD2IsiLlro+7Hf6Q18EJrKSEsdoMzKePKXct3gvD8oLcOQdIzGupr5Fj+EDe8gO/lxc1BzfMpxvA==",
      "dev": true,
      "requires": {
        "fill-range": "^7.1.1"
      }
    },
    "chalk": {
      "version": "4.1.2",
      "resolved": "https://registry.npmjs.org/chalk/-/chalk-4.1.2.tgz",
      "integrity": "sha512-oKnbhFyRIXpUuez8iBMmyEa4nbj4IOQyuhc/wy9kY7/WVPcwIO9VA668Pu8RkO7+0G76SLROeyw9CpQ061i4mA==",
      "dev": true,
      "requires": {
        "ansi-styles": "^4.1.0",
        "supports-color": "^7.1.0"
      }
    },
    "ci-info": {
      "version": "4.4.0",
      "resolved": "https://registry.npmjs.org/ci-info/-/ci-info-4.4.0.tgz",
      "integrity": "sha512-77PSwercCZU2Fc4sX94eF8k8Pxte6JAwL4/ICZLFjJLqegs7kCuAsqqj/70NQF6TvDpgFjkubQB2FW2ZZddvQg==",
      "dev": true
    },
    "clsx": {
      "version": "2.1.1",
      "resolved": "https://registry.npmjs.org/clsx/-/clsx-2.1.1.tgz",
      "integrity": "sha512-eYm0QWBtUrBWZWG0d386OGAw16Z995PiOVo2B7bjWSbHedGl5e0ZWaq65kOGgUSNesEIDkB9ISbTg/JK9dhCZA=="
    },
    "color-convert": {
      "version": "2.0.1",
      "resolved": "https://registry.npmjs.org/color-convert/-/color-convert-2.0.1.tgz",
      "integrity": "sha512-RRECPsj7iu/xb5oKYcsFHSppFNnsj/52OVTRKb4zP5onXwVF3zVmmToNcOfGC+CRDpfK/U584fMg38ZHCaElKQ==",
      "dev": true,
      "requires": {
        "color-name": "~1.1.4"
      }
    },
    "color-name": {
      "version": "1.1.4",
      "resolved": "https://registry.npmjs.org/color-name/-/color-name-1.1.4.tgz",
      "integrity": "sha512-dOy+3AuW3a2wNbZHIuMZpTcgjGuLU/uBL/ubcZF9OXbDo8ff4O8yVp5Bf0efS8uEoYo5q4Fx7dY9OgQGXgAsQA==",
      "dev": true
    },
    "css.escape": {
      "version": "1.5.1",
      "resolved": "https://registry.npmjs.org/css.escape/-/css.escape-1.5.1.tgz",
      "integrity": "sha512-YUifsXXuknHlUsmlgyY0PKzgPOr7/FjCePfHNt0jxm83wHZi44VDMQ7/fGNkjY3/jV1MC+1CmZbaHzugyeRtpg==",
      "dev": true
    },
    "cssstyle": {
      "version": "4.6.0",
      "resolved": "https://registry.npmjs.org/cssstyle/-/cssstyle-4.6.0.tgz",
      "integrity": "sha512-2z+rWdzbbSZv6/rhtvzvqeZQHrBaqgogqt85sqFNbabZOuFbCVFb8kPeEtZjiKkbrm395irpNKiYeFeLiQnFPg==",
      "dev": true,
      "requires": {
        "@asamuzakjp/css-color": "^3.2.0",
        "rrweb-cssom": "^0.8.0"
      }
    },
    "data-urls": {
      "version": "5.0.0",
      "resolved": "https://registry.npmjs.org/data-urls/-/data-urls-5.0.0.tgz",
      "integrity": "sha512-ZYP5VBHshaDAiVZxjbRVcFJpc+4xGgT0bK3vzy1HLN8jTO975HEbuYzZJcHoQEY5K1a0z8YayJkyVETa08eNTg==",
      "dev": true,
      "requires": {
        "whatwg-mimetype": "^4.0.0",
        "whatwg-url": "^14.0.0"
      }
    },
    "debug": {
      "version": "4.4.3",
      "resolved": "https://registry.npmjs.org/debug/-/debug-4.4.3.tgz",
      "integrity": "sha512-RGwwWnwQvkVfavKVt22FGLw+xYSdzARwm0ru6DhTVA3umU5hZc28V3kO4stgYryrTlLpuvgI9GiijltAjNbcqA==",
      "requires": {
        "ms": "^2.1.3"
      }
    },
    "decimal.js": {
      "version": "10.6.0",
      "resolved": "https://registry.npmjs.org/decimal.js/-/decimal.js-10.6.0.tgz",
      "integrity": "sha512-YpgQiITW3JXGntzdUmyUR1V812Hn8T1YVXhCu+wO3OpS4eU9l4YdD3qjyiKdV6mvV29zapkMeD390UVEf2lkUg==",
      "dev": true
    },
    "dom-accessibility-api": {
      "version": "0.6.3",
      "resolved": "https://registry.npmjs.org/dom-accessibility-api/-/dom-accessibility-api-0.6.3.tgz",
      "integrity": "sha512-7ZgogeTnjuHbo+ct10G9Ffp0mif17idi0IyWNVA/wcwcm7NPOD/WEHVP3n7n3MhXqxoIYm8d6MuZohYWIZ4T3w==",
      "dev": true
    },
    "engine.io-client": {
      "version": "6.6.4",
      "resolved": "https://registry.npmjs.org/engine.io-client/-/engine.io-client-6.6.4.tgz",
      "integrity": "sha512-+kjUJnZGwzewFDw951CDWcwj35vMNf2fcj7xQWOctq1F2i1jkDdVvdFG9kM/BEChymCH36KgjnW0NsL58JYRxw==",
      "requires": {
        "@socket.io/component-emitter": "~3.1.0",
        "debug": "~4.4.1",
        "engine.io-parser": "~5.2.1",
        "ws": "~8.18.3",
        "xmlhttprequest-ssl": "~2.1.1"
      }
    },
    "engine.io-parser": {
      "version": "5.2.3",
      "resolved": "https://registry.npmjs.org/engine.io-parser/-/engine.io-parser-5.2.3.tgz",
      "integrity": "sha512-HqD3yTBfnBxIrbnM1DoD6Pcq8NECnh8d4As1Qgh0z5Gg3jRRIqijury0CL3ghu/edArpUYiYqQiDUQBIs4np3Q=="
    },
    "entities": {
      "version": "6.0.1",
      "resolved": "https://registry.npmjs.org/entities/-/entities-6.0.1.tgz",
      "integrity": "sha512-aN97NXWF6AWBTahfVOIrB/NShkzi5H7F9r1s9mD3cDj4Ko5f2qhhVoYMibXF7GlLveb/D2ioWay8lxI97Ven3g==",
      "dev": true
    },
    "escape-string-regexp": {
      "version": "2.0.0",
      "resolved": "https://registry.npmjs.org/escape-string-regexp/-/escape-string-regexp-2.0.0.tgz",
      "integrity": "sha512-UpzcLCXolUWcNu5HtVMHYdXJjArjsF9C0aNnquZYY4uW/Vu0miy5YoWvbV345HauVvcAUnpRuhMMcqTcGOY2+w==",
      "dev": true
    },
    "expect": {
      "version": "30.2.0",
      "resolved": "https://registry.npmjs.org/expect/-/expect-30.2.0.tgz",
      "integrity": "sha512-u/feCi0GPsI+988gU2FLcsHyAHTU0MX1Wg68NhAnN7z/+C5wqG+CY8J53N9ioe8RXgaoz0nBR/TYMf3AycUuPw==",
      "dev": true,
      "requires": {
        "@jest/expect-utils": "30.2.0",
        "@jest/get-type": "30.1.0",
        "jest-matcher-utils": "30.2.0",
        "jest-message-util": "30.2.0",
        "jest-mock": "30.2.0",
        "jest-util": "30.2.0"
      }
    },
    "fill-range": {
      "version": "7.1.1",
      "resolved": "https://registry.npmjs.org/fill-range/-/fill-range-7.1.1.tgz",
      "integrity": "sha512-YsGpe3WHLK8ZYi4tWDg2Jy3ebRz2rXowDxnld4bkQB00cc/1Zw9AWnC0i9ztDJitivtQvaI9KaLyKrc+hBW0yg==",
      "dev": true,
      "requires": {
        "to-regex-range": "^5.0.1"
      }
    },
    "graceful-fs": {
      "version": "4.2.11",
      "resolved": "https://registry.npmjs.org/graceful-fs/-/graceful-fs-4.2.11.tgz",
      "integrity": "sha512-RbJ5/jmFcNNCcDV5o9eTnBLJ/HszWV0P73bc+Ff4nS/rJj+YaS6IGyiOL0VoBYX+l1Wrl3k63h/KrH+nhJ0XvQ==",
      "dev": true
    },
    "has-flag": {
      "version": "4.0.0",
      "resolved": "https://registry.npmjs.org/has-flag/-/has-flag-4.0.0.tgz",
      "integrity": "sha512-EykJT/Q1KjTWctppgIAgfSO0tKVuZUjhgMr17kqTumMl6Afv3EISleU7qZUzoXDFTAHTDC4NOoG/ZxU3EvlMPQ==",
      "dev": true
    },
    "html-encoding-sniffer": {
      "version": "4.0.0",
      "resolved": "https://registry.npmjs.org/html-encoding-sniffer/-/html-encoding-sniffer-4.0.0.tgz",
      "integrity": "sha512-Y22oTqIU4uuPgEemfz7NDJz6OeKf12Lsu+QC+s3BVpda64lTiMYCyGwg5ki4vFxkMwQdeZDl2adZoqUgdFuTgQ==",
      "dev": true,
      "requires": {
        "whatwg-encoding": "^3.1.1"
      }
    },
    "http-proxy-agent": {
      "version": "7.0.2",
      "resolved": "https://registry.npmjs.org/http-proxy-agent/-/http-proxy-agent-7.0.2.tgz",
      "integrity": "sha512-T1gkAiYYDWYx3V5Bmyu7HcfcvL7mUrTWiM6yOfa3PIphViJ/gFPbvidQ+veqSOHci/PxBcDabeUNCzpOODJZig==",
      "dev": true,
      "requires": {
        "agent-base": "^7.1.0",
        "debug": "^4.3.4"
      }
    },
    "https-proxy-agent": {
      "version": "7.0.6",
      "resolved": "https://registry.npmjs.org/https-proxy-agent/-/https-proxy-agent-7.0.6.tgz",
      "integrity": "sha512-vK9P5/iUfdl95AI+JVyUuIcVtd4ofvtrOr3HNtM2yxC9bnMbEdp3x01OhQNnjb8IJYi38VlTE3mBXwcfvywuSw==",
      "dev": true,
      "requires": {
        "agent-base": "^7.1.2",
        "debug": "4"
      }
    },
    "iconv-lite": {
      "version": "0.6.3",
      "resolved": "https://registry.npmjs.org/iconv-lite/-/iconv-lite-0.6.3.tgz",
      "integrity": "sha512-4fCk79wshMdzMp2rH06qWrJE4iolqLhCUH+OiuIgU++RB0+94NlDL81atO7GX55uUKueo0txHNtvEyI6D7WdMw==",
      "dev": true,
      "requires": {
        "safer-buffer": ">= 2.1.2 < 3.0.0"
      }
    },
    "indent-string": {
      "version": "4.0.0",
      "resolved": "https://registry.npmjs.org/indent-string/-/indent-string-4.0.0.tgz",
      "integrity": "sha512-EdDDZu4A2OyIK7Lr/2zG+w5jmbuk1DVBnEwREQvBzspBJkCEbRa8GxU1lghYcaGJCnRWibjDXlq779X1/y5xwg==",
      "dev": true
    },
    "is-number": {
      "version": "7.0.0",
      "resolved": "https://registry.npmjs.org/is-number/-/is-number-7.0.0.tgz",
      "integrity": "sha512-41Cifkg6e8TylSpdtTpeLVMqvSBEVzTttHvERD741+pnZ8ANv0004MRL43QKPDlK9cGvNp6NZWZUBlbGXYxxng==",
      "dev": true
    },
    "is-potential-custom-element-name": {
      "version": "1.0.1",
      "resolved": "https://registry.npmjs.org/is-potential-custom-element-name/-/is-potential-custom-element-name-1.0.1.tgz",
      "integrity": "sha512-bCYeRA2rVibKZd+s2625gGnGF/t7DSqDs4dP7CrLA1m7jKWz6pps0LpYLJN8Q64HtmPKJ1hrN3nzPNKFEKOUiQ==",
      "dev": true
    },
    "jest-diff": {
      "version": "30.2.0",
      "resolved": "https://registry.npmjs.org/jest-diff/-/jest-diff-30.2.0.tgz",
      "integrity": "sha512-dQHFo3Pt4/NLlG5z4PxZ/3yZTZ1C7s9hveiOj+GCN+uT109NC2QgsoVZsVOAvbJ3RgKkvyLGXZV9+piDpWbm6A==",
      "dev": true,
      "requires": {
        "@jest/diff-sequences": "30.0.1",
        "@jest/get-type": "30.1.0",
        "chalk": "^4.1.2",
        "pretty-format": "30.2.0"
      }
    },
    "jest-environment-jsdom": {
      "version": "30.2.0",
      "resolved": "https://registry.npmjs.org/jest-environment-jsdom/-/jest-environment-jsdom-30.2.0.tgz",
      "integrity": "sha512-zbBTiqr2Vl78pKp/laGBREYzbZx9ZtqPjOK4++lL4BNDhxRnahg51HtoDrk9/VjIy9IthNEWdKVd7H5bqBhiWQ==",
      "dev": true,
      "requires": {
        "@jest/environment": "30.2.0",
        "@jest/environment-jsdom-abstract": "30.2.0",
        "@types/jsdom": "^21.1.7",
        "@types/node": "*",
        "jsdom": "^26.1.0"
      },
      "dependencies": {
        "@types/node": {
          "version": "25.3.0",
          "resolved": "https://registry.npmjs.org/@types/node/-/node-25.3.0.tgz",
          "integrity": "sha512-4K3bqJpXpqfg2XKGK9bpDTc6xO/xoUP/RBWS7AtRMug6zZFaRekiLzjVtAoZMquxoAbzBvy5nxQ7veS5eYzf8A==",
          "dev": true,
          "requires": {
            "undici-types": "~7.18.0"
          }
        }
      }
    },
    "jest-matcher-utils": {
      "version": "30.2.0",
      "resolved": "https://registry.npmjs.org/jest-matcher-utils/-/jest-matcher-utils-30.2.0.tgz",
      "integrity": "sha512-dQ94Nq4dbzmUWkQ0ANAWS9tBRfqCrn0bV9AMYdOi/MHW726xn7eQmMeRTpX2ViC00bpNaWXq+7o4lIQ3AX13Hg==",
      "dev": true,
      "requires": {
        "@jest/get-type": "30.1.0",
        "chalk": "^4.1.2",
        "jest-diff": "30.2.0",
        "pretty-format": "30.2.0"
      }
    },
    "jest-message-util": {
      "version": "30.2.0",
      "resolved": "https://registry.npmjs.org/jest-message-util/-/jest-message-util-30.2.0.tgz",
      "integrity": "sha512-y4DKFLZ2y6DxTWD4cDe07RglV88ZiNEdlRfGtqahfbIjfsw1nMCPx49Uev4IA/hWn3sDKyAnSPwoYSsAEdcimw==",
      "dev": true,
      "requires": {
        "@babel/code-frame": "^7.27.1",
        "@jest/types": "30.2.0",
        "@types/stack-utils": "^2.0.3",
        "chalk": "^4.1.2",
        "graceful-fs": "^4.2.11",
        "micromatch": "^4.0.8",
        "pretty-format": "30.2.0",
        "slash": "^3.0.0",
        "stack-utils": "^2.0.6"
      }
    },
    "jest-mock": {
      "version": "30.2.0",
      "resolved": "https://registry.npmjs.org/jest-mock/-/jest-mock-30.2.0.tgz",
      "integrity": "sha512-JNNNl2rj4b5ICpmAcq+WbLH83XswjPbjH4T7yvGzfAGCPh1rw+xVNbtk+FnRslvt9lkCcdn9i1oAoKUuFsOxRw==",
      "dev": true,
      "requires": {
        "@jest/types": "30.2.0",
        "@types/node": "*",
        "jest-util": "30.2.0"
      },
      "dependencies": {
        "@types/node": {
          "version": "25.3.0",
          "resolved": "https://registry.npmjs.org/@types/node/-/node-25.3.0.tgz",
          "integrity": "sha512-4K3bqJpXpqfg2XKGK9bpDTc6xO/xoUP/RBWS7AtRMug6zZFaRekiLzjVtAoZMquxoAbzBvy5nxQ7veS5eYzf8A==",
          "dev": true,
          "requires": {
            "undici-types": "~7.18.0"
          }
        }
      }
    },
    "jest-regex-util": {
      "version": "30.0.1",
      "resolved": "https://registry.npmjs.org/jest-regex-util/-/jest-regex-util-30.0.1.tgz",
      "integrity": "sha512-jHEQgBXAgc+Gh4g0p3bCevgRCVRkB4VB70zhoAE48gxeSr1hfUOsM/C2WoJgVL7Eyg//hudYENbm3Ne+/dRVVA==",
      "dev": true
    },
    "jest-util": {
      "version": "30.2.0",
      "resolved": "https://registry.npmjs.org/jest-util/-/jest-util-30.2.0.tgz",
      "integrity": "sha512-QKNsM0o3Xe6ISQU869e+DhG+4CK/48aHYdJZGlFQVTjnbvgpcKyxpzk29fGiO7i/J8VENZ+d2iGnSsvmuHywlA==",
      "dev": true,
      "requires": {
        "@jest/types": "30.2.0",
        "@types/node": "*",
        "chalk": "^4.1.2",
        "ci-info": "^4.2.0",
        "graceful-fs": "^4.2.11",
        "picomatch": "^4.0.2"
      },
      "dependencies": {
        "@types/node": {
          "version": "25.3.0",
          "resolved": "https://registry.npmjs.org/@types/node/-/node-25.3.0.tgz",
          "integrity": "sha512-4K3bqJpXpqfg2XKGK9bpDTc6xO/xoUP/RBWS7AtRMug6zZFaRekiLzjVtAoZMquxoAbzBvy5nxQ7veS5eYzf8A==",
          "dev": true,
          "requires": {
            "undici-types": "~7.18.0"
          }
        },
        "picomatch": {
          "version": "4.0.3",
          "resolved": "https://registry.npmjs.org/picomatch/-/picomatch-4.0.3.tgz",
          "integrity": "sha512-5gTmgEY/sqK6gFXLIsQNH19lWb4ebPDLA4SdLP7dsWkIXHWlG66oPuVvXSGFPppYZz8ZDZq0dYYrbHfBCVUb1Q==",
          "dev": true
        }
      }
    },
    "js-tokens": {
      "version": "4.0.0",
      "resolved": "https://registry.npmjs.org/js-tokens/-/js-tokens-4.0.0.tgz",
      "integrity": "sha512-RdJUflcE3cUzKiMqQgsCu06FPu9UdIJO0beYbPhHN4k6apgJtifcoCtT9bcxOpYBtpD2kCM6Sbzg4CausW/PKQ==",
      "dev": true
    },
    "jsdom": {
      "version": "26.1.0",
      "resolved": "https://registry.npmjs.org/jsdom/-/jsdom-26.1.0.tgz",
      "integrity": "sha512-Cvc9WUhxSMEo4McES3P7oK3QaXldCfNWp7pl2NNeiIFlCoLr3kfq9kb1fxftiwk1FLV7CvpvDfonxtzUDeSOPg==",
      "dev": true,
      "requires": {
        "cssstyle": "^4.2.1",
        "data-urls": "^5.0.0",
        "decimal.js": "^10.5.0",
        "html-encoding-sniffer": "^4.0.0",
        "http-proxy-agent": "^7.0.2",
        "https-proxy-agent": "^7.0.6",
        "is-potential-custom-element-name": "^1.0.1",
        "nwsapi": "^2.2.16",
        "parse5": "^7.2.1",
        "rrweb-cssom": "^0.8.0",
        "saxes": "^6.0.0",
        "symbol-tree": "^3.2.4",
        "tough-cookie": "^5.1.1",
        "w3c-xmlserializer": "^5.0.0",
        "webidl-conversions": "^7.0.0",
        "whatwg-encoding": "^3.1.1",
        "whatwg-mimetype": "^4.0.0",
        "whatwg-url": "^14.1.1",
        "ws": "^8.18.0",
        "xml-name-validator": "^5.0.0"
      }
    },
    "lru-cache": {
      "version": "10.4.3",
      "resolved": "https://registry.npmjs.org/lru-cache/-/lru-cache-10.4.3.tgz",
      "integrity": "sha512-JNAzZcXrCt42VGLuYz0zfAzDfAvJWW6AfYlDBQyDV5DClI2m5sAmK+OIO7s59XfsRsWHp02jAJrRadPRGTt6SQ==",
      "dev": true
    },
    "lucide-react": {
      "version": "0.575.0",
      "resolved": "https://registry.npmjs.org/lucide-react/-/lucide-react-0.575.0.tgz",
      "integrity": "sha512-VuXgKZrk0uiDlWjGGXmKV6MSk9Yy4l10qgVvzGn2AWBx1Ylt0iBexKOAoA6I7JO3m+M9oeovJd3yYENfkUbOeg=="
    },
    "micromatch": {
      "version": "4.0.8",
      "resolved": "https://registry.npmjs.org/micromatch/-/micromatch-4.0.8.tgz",
      "integrity": "sha512-PXwfBhYu0hBCPw8Dn0E+WDYb7af3dSLVWKi3HGv84IdF4TyFoC0ysxFd0Goxw7nSv4T/PzEJQxsYsEiFCKo2BA==",
      "dev": true,
      "requires": {
        "braces": "^3.0.3",
        "picomatch": "^2.3.1"
      }
    },
    "min-indent": {
      "version": "1.0.1",
      "resolved": "https://registry.npmjs.org/min-indent/-/min-indent-1.0.1.tgz",
      "integrity": "sha512-I9jwMn07Sy/IwOj3zVkVik2JTvgpaykDZEigL6Rx6N9LbMywwUSMtxET+7lVoDLLd3O3IXwJwvuuns8UB/HeAg==",
      "dev": true
    },
    "ms": {
      "version": "2.1.3",
      "resolved": "https://registry.npmjs.org/ms/-/ms-2.1.3.tgz",
      "integrity": "sha512-6FlzubTLZG3J2a/NVCAleEhjzq5oxgHyaCU9yYXvcLsvoVaHJq/s5xXI6/XXP6tz7R9xAOtHnSO/tXtF3WRTlA=="
    },
    "nwsapi": {
      "version": "2.2.23",
      "resolved": "https://registry.npmjs.org/nwsapi/-/nwsapi-2.2.23.tgz",
      "integrity": "sha512-7wfH4sLbt4M0gCDzGE6vzQBo0bfTKjU7Sfpqy/7gs1qBfYz2vEJH6vXcBKpO3+6Yu1telwd0t9HpyOoLEQQbIQ==",
      "dev": true
    },
    "parse5": {
      "version": "7.3.0",
      "resolved": "https://registry.npmjs.org/parse5/-/parse5-7.3.0.tgz",
      "integrity": "sha512-IInvU7fabl34qmi9gY8XOVxhYyMyuH2xUNpb2q8/Y+7552KlejkRvqvD19nMoUW/uQGGbqNpA6Tufu5FL5BZgw==",
      "dev": true,
      "requires": {
        "entities": "^6.0.0"
      }
    },
    "picocolors": {
      "version": "1.1.1",
      "resolved": "https://registry.npmjs.org/picocolors/-/picocolors-1.1.1.tgz",
      "integrity": "sha512-xceH2snhtb5M9liqDsmEw56le376mTZkEX/jEb/RxNFyegNul7eNslCXP9FDj/Lcu0X8KEyMceP2ntpaHrDEVA==",
      "dev": true
    },
    "picomatch": {
      "version": "2.3.1",
      "resolved": "https://registry.npmjs.org/picomatch/-/picomatch-2.3.1.tgz",
      "integrity": "sha512-JU3teHTNjmE2VCGFzuY8EXzCDVwEqB2a8fsIvwaStHhAWJEeVd1o1QD80CU6+ZdEXXSLbSsuLwJjkCBWqRQUVA==",
      "dev": true
    },
    "pretty-format": {
      "version": "30.2.0",
      "resolved": "https://registry.npmjs.org/pretty-format/-/pretty-format-30.2.0.tgz",
      "integrity": "sha512-9uBdv/B4EefsuAL+pWqueZyZS2Ba+LxfFeQ9DN14HU4bN8bhaxKdkpjpB6fs9+pSjIBu+FXQHImEg8j/Lw0+vA==",
      "dev": true,
      "requires": {
        "@jest/schemas": "30.0.5",
        "ansi-styles": "^5.2.0",
        "react-is": "^18.3.1"
      },
      "dependencies": {
        "ansi-styles": {
          "version": "5.2.0",
          "resolved": "https://registry.npmjs.org/ansi-styles/-/ansi-styles-5.2.0.tgz",
          "integrity": "sha512-Cxwpt2SfTzTtXcfOlzGEee8O+c+MmUgGrNiBcXnuWxuFJHe6a5Hz7qwhwe5OgaSYI0IJvkLqWX1ASG+cJOkEiA==",
          "dev": true
        }
      }
    },
    "punycode": {
      "version": "2.3.1",
      "resolved": "https://registry.npmjs.org/punycode/-/punycode-2.3.1.tgz",
      "integrity": "sha512-vYt7UD1U9Wg6138shLtLOvdAu+8DsC/ilFtEVHcH+wydcSpNE20AfSOduf6MkRFahL5FY7X1oU7nKVZFtfq8Fg==",
      "dev": true
    },
    "react-is": {
      "version": "18.3.1",
      "resolved": "https://registry.npmjs.org/react-is/-/react-is-18.3.1.tgz",
      "integrity": "sha512-/LLMVyas0ljjAtoYiPqYiL8VWXzUUdThrmU5+n20DZv+a+ClRoevUzw5JxU+Ieh5/c87ytoTBV9G1FiKfNJdmg==",
      "dev": true
    },
    "redent": {
      "version": "3.0.0",
      "resolved": "https://registry.npmjs.org/redent/-/redent-3.0.0.tgz",
      "integrity": "sha512-6tDA8g98We0zd0GvVeMT9arEOnTw9qM03L9cJXaCjrip1OO764RDBLBfrB4cwzNGDj5OA5ioymC9GkizgWJDUg==",
      "dev": true,
      "requires": {
        "indent-string": "^4.0.0",
        "strip-indent": "^3.0.0"
      }
    },
    "rrweb-cssom": {
      "version": "0.8.0",
      "resolved": "https://registry.npmjs.org/rrweb-cssom/-/rrweb-cssom-0.8.0.tgz",
      "integrity": "sha512-guoltQEx+9aMf2gDZ0s62EcV8lsXR+0w8915TC3ITdn2YueuNjdAYh/levpU9nFaoChh9RUS5ZdQMrKfVEN9tw==",
      "dev": true
    },
    "safer-buffer": {
      "version": "2.1.2",
      "resolved": "https://registry.npmjs.org/safer-buffer/-/safer-buffer-2.1.2.tgz",
      "integrity": "sha512-YZo3K82SD7Riyi0E1EQPojLz7kpepnSQI9IyPbHHg1XXXevb5dJI7tpyN2ADxGcQbHG7vcyRHk0cbwqcQriUtg==",
      "dev": true
    },
    "saxes": {
      "version": "6.0.0",
      "resolved": "https://registry.npmjs.org/saxes/-/saxes-6.0.0.tgz",
      "integrity": "sha512-xAg7SOnEhrm5zI3puOOKyy1OMcMlIJZYNJY7xLBwSze0UjhPLnWfj2GF2EpT0jmzaJKIWKHLsaSSajf35bcYnA==",
      "dev": true,
      "requires": {
        "xmlchars": "^2.2.0"
      }
    },
    "slash": {
      "version": "3.0.0",
      "resolved": "https://registry.npmjs.org/slash/-/slash-3.0.0.tgz",
      "integrity": "sha512-g9Q1haeby36OSStwb4ntCGGGaKsaVSjQ68fBxoQcutl5fS1vuY18H3wSt3jFyFtrkx+Kz0V1G85A4MyAdDMi2Q==",
      "dev": true
    },
    "socket.io-client": {
      "version": "4.8.3",
      "resolved": "https://registry.npmjs.org/socket.io-client/-/socket.io-client-4.8.3.tgz",
      "integrity": "sha512-uP0bpjWrjQmUt5DTHq9RuoCBdFJF10cdX9X+a368j/Ft0wmaVgxlrjvK3kjvgCODOMMOz9lcaRzxmso0bTWZ/g==",
      "requires": {
        "@socket.io/component-emitter": "~3.1.0",
        "debug": "~4.4.1",
        "engine.io-client": "~6.6.1",
        "socket.io-parser": "~4.2.4"
      }
    },
    "socket.io-parser": {
      "version": "4.2.5",
      "resolved": "https://registry.npmjs.org/socket.io-parser/-/socket.io-parser-4.2.5.tgz",
      "integrity": "sha512-bPMmpy/5WWKHea5Y/jYAP6k74A+hvmRCQaJuJB6I/ML5JZq/KfNieUVo/3Mh7SAqn7TyFdIo6wqYHInG1MU1bQ==",
      "requires": {
        "@socket.io/component-emitter": "~3.1.0",
        "debug": "~4.4.1"
      }
    },
    "stack-utils": {
      "version": "2.0.6",
      "resolved": "https://registry.npmjs.org/stack-utils/-/stack-utils-2.0.6.tgz",
      "integrity": "sha512-XlkWvfIm6RmsWtNJx+uqtKLS8eqFbxUg0ZzLXqY0caEy9l7hruX8IpiDnjsLavoBgqCCR71TqWO8MaXYheJ3RQ==",
      "dev": true,
      "requires": {
        "escape-string-regexp": "^2.0.0"
      }
    },
    "strip-indent": {
      "version": "3.0.0",
      "resolved": "https://registry.npmjs.org/strip-indent/-/strip-indent-3.0.0.tgz",
      "integrity": "sha512-laJTa3Jb+VQpaC6DseHhF7dXVqHTfJPCRDaEbid/drOhgitgYku/letMUqOXFoWV0zIIUbjpdH2t+tYj4bQMRQ==",
      "dev": true,
      "requires": {
        "min-indent": "^1.0.0"
      }
    },
    "supports-color": {
      "version": "7.2.0",
      "resolved": "https://registry.npmjs.org/supports-color/-/supports-color-7.2.0.tgz",
      "integrity": "sha512-qpCAvRl9stuOHveKsn7HncJRvv501qIacKzQlO/+Lwxc9+0q2wLyv4Dfvt80/DPn2pqOBsJdDiogXGR9+OvwRw==",
      "dev": true,
      "requires": {
        "has-flag": "^4.0.0"
      }
    },
    "symbol-tree": {
      "version": "3.2.4",
      "resolved": "https://registry.npmjs.org/symbol-tree/-/symbol-tree-3.2.4.tgz",
      "integrity": "sha512-9QNk5KwDF+Bvz+PyObkmSYjI5ksVUYtjW7AU22r2NKcfLJcXp96hkDWU3+XndOsUb+AQ9QhfzfCT2O+CNWT5Tw==",
      "dev": true
    },
    "tailwind-merge": {
      "version": "3.5.0",
      "resolved": "https://registry.npmjs.org/tailwind-merge/-/tailwind-merge-3.5.0.tgz",
      "integrity": "sha512-I8K9wewnVDkL1NTGoqWmVEIlUcB9gFriAEkXkfCjX5ib8ezGxtR3xD7iZIxrfArjEsH7F1CHD4RFUtxefdqV/A=="
    },
    "tldts": {
      "version": "6.1.86",
      "resolved": "https://registry.npmjs.org/tldts/-/tldts-6.1.86.tgz",
      "integrity": "sha512-WMi/OQ2axVTf/ykqCQgXiIct+mSQDFdH2fkwhPwgEwvJ1kSzZRiinb0zF2Xb8u4+OqPChmyI6MEu4EezNJz+FQ==",
      "dev": true,
      "requires": {
        "tldts-core": "^6.1.86"
      }
    },
    "tldts-core": {
      "version": "6.1.86",
      "resolved": "https://registry.npmjs.org/tldts-core/-/tldts-core-6.1.86.tgz",
      "integrity": "sha512-Je6p7pkk+KMzMv2XXKmAE3McmolOQFdxkKw0R8EYNr7sELW46JqnNeTX8ybPiQgvg1ymCoF8LXs5fzFaZvJPTA==",
      "dev": true
    },
    "to-regex-range": {
      "version": "5.0.1",
      "resolved": "https://registry.npmjs.org/to-regex-range/-/to-regex-range-5.0.1.tgz",
      "integrity": "sha512-65P7iz6X5yEr1cwcgvQxbbIw7Uk3gOy5dIdtZ4rDveLqhrdJP+Li/Hx6tyK0NEb+2GCyneCMJiGqrADCSNk8sQ==",
      "dev": true,
      "requires": {
        "is-number": "^7.0.0"
      }
    },
    "tough-cookie": {
      "version": "5.1.2",
      "resolved": "https://registry.npmjs.org/tough-cookie/-/tough-cookie-5.1.2.tgz",
      "integrity": "sha512-FVDYdxtnj0G6Qm/DhNPSb8Ju59ULcup3tuJxkFb5K8Bv2pUXILbf0xZWU8PX8Ov19OXljbUyveOFwRMwkXzO+A==",
      "dev": true,
      "requires": {
        "tldts": "^6.1.32"
      }
    },
    "tr46": {
      "version": "5.1.1",
      "resolved": "https://registry.npmjs.org/tr46/-/tr46-5.1.1.tgz",
      "integrity": "sha512-hdF5ZgjTqgAntKkklYw0R03MG2x/bSzTtkxmIRw/sTNV8YXsCJ1tfLAX23lhxhHJlEf3CRCOCGGWw3vI3GaSPw==",
      "dev": true,
      "requires": {
        "punycode": "^2.3.1"
      }
    },
    "type-detect": {
      "version": "4.0.8",
      "resolved": "https://registry.npmjs.org/type-detect/-/type-detect-4.0.8.tgz",
      "integrity": "sha512-0fr/mIH1dlO+x7TlcMy+bIDqKPsw/70tVyeHW787goQjhmqaZe10uwLujubK9q9Lg6Fiho1KUKDYz0Z7k7g5/g==",
      "dev": true
    },
    "undici-types": {
      "version": "7.18.2",
      "resolved": "https://registry.npmjs.org/undici-types/-/undici-types-7.18.2.tgz",
      "integrity": "sha512-AsuCzffGHJybSaRrmr5eHr81mwJU3kjw6M+uprWvCXiNeN9SOGwQ3Jn8jb8m3Z6izVgknn1R0FTCEAP2QrLY/w==",
      "dev": true
    },
    "w3c-xmlserializer": {
      "version": "5.0.0",
      "resolved": "https://registry.npmjs.org/w3c-xmlserializer/-/w3c-xmlserializer-5.0.0.tgz",
      "integrity": "sha512-o8qghlI8NZHU1lLPrpi2+Uq7abh4GGPpYANlalzWxyWteJOCsr/P+oPBA49TOLu5FTZO4d3F9MnWJfiMo4BkmA==",
      "dev": true,
      "requires": {
        "xml-name-validator": "^5.0.0"
      }
    },
    "webidl-conversions": {
      "version": "7.0.0",
      "resolved": "https://registry.npmjs.org/webidl-conversions/-/webidl-conversions-7.0.0.tgz",
      "integrity": "sha512-VwddBukDzu71offAQR975unBIGqfKZpM+8ZX6ySk8nYhVoo5CYaZyzt3YBvYtRtO+aoGlqxPg/B87NGVZ/fu6g==",
      "dev": true
    },
    "whatwg-encoding": {
      "version": "3.1.1",
      "resolved": "https://registry.npmjs.org/whatwg-encoding/-/whatwg-encoding-3.1.1.tgz",
      "integrity": "sha512-6qN4hJdMwfYBtE3YBTTHhoeuUrDBPZmbQaxWAqSALV/MeEnR5z1xd8UKud2RAkFoPkmB+hli1TZSnyi84xz1vQ==",
      "dev": true,
      "requires": {
        "iconv-lite": "0.6.3"
      }
    },
    "whatwg-mimetype": {
      "version": "4.0.0",
      "resolved": "https://registry.npmjs.org/whatwg-mimetype/-/whatwg-mimetype-4.0.0.tgz",
      "integrity": "sha512-QaKxh0eNIi2mE9p2vEdzfagOKHCcj1pJ56EEHGQOVxp8r9/iszLUUV7v89x9O1p/T+NlTM5W7jW6+cz4Fq1YVg==",
      "dev": true
    },
    "whatwg-url": {
      "version": "14.2.0",
      "resolved": "https://registry.npmjs.org/whatwg-url/-/whatwg-url-14.2.0.tgz",
      "integrity": "sha512-De72GdQZzNTUBBChsXueQUnPKDkg/5A5zp7pFDuQAj5UFoENpiACU0wlCvzpAGnTkj++ihpKwKyYewn/XNUbKw==",
      "dev": true,
      "requires": {
        "tr46": "^5.1.0",
        "webidl-conversions": "^7.0.0"
      }
    },
    "ws": {
      "version": "8.18.3",
      "resolved": "https://registry.npmjs.org/ws/-/ws-8.18.3.tgz",
      "integrity": "sha512-PEIGCY5tSlUt50cqyMXfCzX+oOPqN0vuGqWzbcJ2xvnkzkq46oOpz7dQaTDBdfICb4N14+GARUDw2XV2N4tvzg=="
    },
    "xml-name-validator": {
      "version": "5.0.0",
      "resolved": "https://registry.npmjs.org/xml-name-validator/-/xml-name-validator-5.0.0.tgz",
      "integrity": "sha512-EvGK8EJ3DhaHfbRlETOWAS5pO9MZITeauHKJyb8wyajUfQUenkIg2MvLDTZ4T/TgIcm3HU0TFBgWWboAZ30UHg==",
      "dev": true
    },
    "xmlchars": {
      "version": "2.2.0",
      "resolved": "https://registry.npmjs.org/xmlchars/-/xmlchars-2.2.0.tgz",
      "integrity": "sha512-JZnDKK8B0RCDw84FNdDAIpZK+JuJw+s7Lz8nksI7SIuU3UXJJslUthsi+uWBUYOwPFwW7W7PRLRfUKpxjtjFCw==",
      "dev": true
    },
    "xmlhttprequest-ssl": {
      "version": "2.1.2",
      "resolved": "https://registry.npmjs.org/xmlhttprequest-ssl/-/xmlhttprequest-ssl-2.1.2.tgz",
      "integrity": "sha512-TEU+nJVUUnA4CYJFLvK5X9AOeH4KvDvhIfm0vV1GaQRtchnG0hgK5p8hw/xjv8cunWYCsiPCSDzObPyhEwq3KQ=="
    },
    "zustand": {
      "version": "5.0.11",
      "resolved": "https://registry.npmjs.org/zustand/-/zustand-5.0.11.tgz",
      "integrity": "sha512-fdZY+dk7zn/vbWNCYmzZULHRrss0jx5pPFiOuMZ/5HJN6Yv3u+1Wswy/4MpZEkEGhtNH+pwxZB8OKgUBPzYAGg=="
    },
    "@next/swc-darwin-arm64": {
      "version": "14.2.5",
      "resolved": "https://registry.npmjs.org/@next/swc-darwin-arm64/-/swc-darwin-arm64-14.2.5.tgz",
      "integrity": "sha512-/9zVxJ+K9lrzSGli1///ujyRfon/ZneeZ+v4ptpiPoOU+GKZnm8Wj8ELWU1Pm7GHltYRBklmXMTUqM/DqQ99FQ==",
      "optional": true
    },
    "@next/swc-darwin-x64": {
      "version": "14.2.5",
      "resolved": "https://registry.npmjs.org/@next/swc-darwin-x64/-/swc-darwin-x64-14.2.5.tgz",
      "integrity": "sha512-vXHOPCwfDe9qLDuq7U1OYM2wUY+KQ4Ex6ozwsKxp26BlJ6XXbHleOUldenM67JRyBfVjv371oneEvYd3H2gNSA==",
      "optional": true
    },
    "@next/swc-linux-arm64-gnu": {
      "version": "14.2.5",
      "resolved": "https://registry.npmjs.org/@next/swc-linux-arm64-gnu/-/swc-linux-arm64-gnu-14.2.5.tgz",
      "integrity": "sha512-vlhB8wI+lj8q1ExFW8lbWutA4M2ZazQNvMWuEDqZcuJJc78iUnLdPPunBPX8rC4IgT6lIx/adB+Cwrl99MzNaA==",
      "optional": true
    },
    "@next/swc-linux-arm64-musl": {
      "version": "14.2.5",
      "resolved": "https://registry.npmjs.org/@next/swc-linux-arm64-musl/-/swc-linux-arm64-musl-14.2.5.tgz",
      "integrity": "sha512-NpDB9NUR2t0hXzJJwQSGu1IAOYybsfeB+LxpGsXrRIb7QOrYmidJz3shzY8cM6+rO4Aojuef0N/PEaX18pi9OA==",
      "optional": true
    },
    "@next/swc-linux-x64-gnu": {
      "version": "14.2.5",
      "resolved": "https://registry.npmjs.org/@next/swc-linux-x64-gnu/-/swc-linux-x64-gnu-14.2.5.tgz",
      "integrity": "sha512-8XFikMSxWleYNryWIjiCX+gU201YS+erTUidKdyOVYi5qUQo/gRxv/3N1oZFCgqpesN6FPeqGM72Zve+nReVXQ==",
      "optional": true
    },
    "@next/swc-linux-x64-musl": {
      "version": "14.2.5",
      "resolved": "https://registry.npmjs.org/@next/swc-linux-x64-musl/-/swc-linux-x64-musl-14.2.5.tgz",
      "integrity": "sha512-6QLwi7RaYiQDcRDSU/os40r5o06b5ue7Jsk5JgdRBGGp8l37RZEh9JsLSM8QF0YDsgcosSeHjglgqi25+m04IQ==",
      "optional": true
    },
    "@next/swc-win32-arm64-msvc": {
      "version": "14.2.5",
      "resolved": "https://registry.npmjs.org/@next/swc-win32-arm64-msvc/-/swc-win32-arm64-msvc-14.2.5.tgz",
      "integrity": "sha512-1GpG2VhbspO+aYoMOQPQiqc/tG3LzmsdBH0LhnDS3JrtDx2QmzXe0B6mSZZiN3Bq7IOMXxv1nlsjzoS1+9mzZw==",
      "optional": true
    },
    "@next/swc-win32-ia32-msvc": {
      "version": "14.2.5",
      "resolved": "https://registry.npmjs.org/@next/swc-win32-ia32-msvc/-/swc-win32-ia32-msvc-14.2.5.tgz",
      "integrity": "sha512-Igh9ZlxwvCDsu6438FXlQTHlRno4gFpJzqPjSIBZooD22tKeI4fE/YMRoHVJHmrQ2P5YL1DoZ0qaOKkbeFWeMg==",
      "optional": true
    },
    "@next/swc-win32-x64-msvc": {
      "version": "14.2.5",
      "resolved": "https://registry.npmjs.org/@next/swc-win32-x64-msvc/-/swc-win32-x64-msvc-14.2.5.tgz",
      "integrity": "sha512-tEQ7oinq1/CjSG9uSTerca3v4AZ+dFa+4Yu6ihaG8Ud8ddqLQgFGcnwYls13H5X5CPDPZJdYxyeMui6muOLd4g==",
      "optional": true
    }
  }
}
